
Microsoft Visual Studio Solution File, Format Version 12.00
# Visual Studio Version 17
VisualStudioVersion = 17.14.36203.30 d17.14
MinimumVisualStudioVersion = 10.0.40219.1
Project("{FAE04EC0-301F-11D3-BF4B-00C04F79EFBC}") = "Cinematic Assets Management", "Cinematic Assets Management\Cinematic Assets Management.csproj", "{4C56CD2D-6B5F-47CD-9C43-386E72676B59}"
EndProject
Global
	GlobalSection(SolutionConfigurationPlatforms) = preSolution
		Debug|Any CPU = Debug|Any CPU
		Release|Any CPU = Release|Any CPU
	EndGlobalSection
	GlobalSection(ProjectConfigurationPlatforms) = postSolution
		{4C56CD2D-6B5F-47CD-9C43-386E72676B59}.Debug|Any CPU.ActiveCfg = Debug|Any CPU
		{4C56CD2D-6B5F-47CD-9C43-386E72676B59}.Debug|Any CPU.Build.0 = Debug|Any CPU
		{4C56CD2D-6B5F-47CD-9C43-386E72676B59}.Release|Any CPU.ActiveCfg = Release|Any CPU
		{4C56CD2D-6B5F-47CD-9C43-386E72676B59}.Release|Any CPU.Build.0 = Release|Any CPU
	EndGlobalSection
	GlobalSection(SolutionProperties) = preSolution
		HideSolutionNode = FALSE
	EndGlobalSection
	GlobalSection(ExtensibilityGlobals) = postSolution
		SolutionGuid = {41CB705C-F8A6-45A4-89A7-120B21B30A5C}
	EndGlobalSection
EndGlobal
